<Solution>
  <Project Path="api/api.csproj" />
  <Project Path="contracts/contracts.csproj" />
  <Project Path="db/Db/Db.csproj" />
  <Project Path="db/MigrationRunner/MigrationRunner.csproj" />
  <Project Path="db/SchemaSnapshot/SchemaSnapshot.csproj" />
  <Project Path="tests/Api.Tests/Api.Tests.csproj" />
  <Project Path="tests/IntegrationTests/IntegrationTests.csproj" />
  <Project Path="tests/SchemaTests/SchemaTests.csproj" />
</Solution>
